
Microsoft Visual Studio Solution File, Format Version 12.00
# Visual Studio Version 16
VisualStudioVersion = 16.0.31402.337
MinimumVisualStudioVersion = 10.0.40219.1
Project("{FAE04EC0-301F-11D3-BF4B-00C04F79EFBC}") = "TestPublishing", "TestPublishing\TestPublishing.csproj", "{BD043858-38ED-4C67-A5BA-9F738CBA6584}"
EndProject
Global
	GlobalSection(SolutionConfigurationPlatforms) = preSolution
		Debug|Any CPU = Debug|Any CPU
		Release|Any CPU = Release|Any CPU
	EndGlobalSection
	GlobalSection(ProjectConfigurationPlatforms) = postSolution
		{BD043858-38ED-4C67-A5BA-9F738CBA6584}.Debug|Any CPU.ActiveCfg = Debug|Any CPU
		{BD043858-38ED-4C67-A5BA-9F738CBA6584}.Debug|Any CPU.Build.0 = Debug|Any CPU
		{BD043858-38ED-4C67-A5BA-9F738CBA6584}.Release|Any CPU.ActiveCfg = Release|Any CPU
		{BD043858-38ED-4C67-A5BA-9F738CBA6584}.Release|Any CPU.Build.0 = Release|Any CPU
	EndGlobalSection
	GlobalSection(SolutionProperties) = preSolution
		HideSolutionNode = FALSE
	EndGlobalSection
	GlobalSection(ExtensibilityGlobals) = postSolution
		SolutionGuid = {DE84CF0B-89FB-42CE-8AFA-9AD4DF8DF795}
	EndGlobalSection
EndGlobal
